// !$*UTF8*$!
{
	archiveVersion = 1;
	classes = {
	};
	objectVersion = 46;
	objects = {

/* Begin PBXBuildFile section */
		196ED68E1E02789B0051DAD6 /* main.m in Sources */ = {isa = PBXBuildFile; fileRef = 196ED68D1E02789B0051DAD6 /* main.m */; };
		196ED6911E02789B0051DAD6 /* AppDelegate.m in Sources */ = {isa = PBXBuildFile; fileRef = 196ED6901E02789B0051DAD6 /* AppDelegate.m */; };
		196ED6941E02789B0051DAD6 /* ViewController.m in Sources */ = {isa = PBXBuildFile; fileRef = 196ED6931E02789B0051DAD6 /* ViewController.m */; };
		196ED6971E02789B0051DAD6 /* Main.storyboard in Resources */ = {isa = PBXBuildFile; fileRef = 196ED6951E02789B0051DAD6 /* Main.storyboard */; };
		196ED6991E02789B0051DAD6 /* Assets.xcassets in Resources */ = {isa = PBXBuildFile; fileRef = 196ED6981E02789B0051DAD6 /* Assets.xcassets */; };
		196ED69C1E02789B0051DAD6 /* LaunchScreen.storyboard in Resources */ = {isa = PBXBuildFile; fileRef = 196ED69A1E02789B0051DAD6 /* LaunchScreen.storyboard */; };
		196ED6A61E0278EC0051DAD6 /* UITableViewCell+HKRound.m in Sources */ = {isa = PBXBuildFile; fileRef = 196ED6A51E0278EC0051DAD6 /* UITableViewCell+HKRound.m */; };
/* End PBXBuildFile section */

/* Begin PBXFileReference section */
		196ED6891E02789B0051DAD6 /* HKRoundCell.app */ = {isa = PBXFileReference; explicitFileType = wrapper.application; includeInIndex = 0; path = HKRoundCell.app; sourceTree = BUILT_PRODUCTS_DIR; };
		196ED68D1E02789B0051DAD6 /* main.m */ = {isa = PBXFileReference; lastKnownFileType = sourcecode.c.objc; path = main.m; sourceTree = "<group>"; };
		196ED68F1E02789B0051DAD6 /* AppDelegate.h */ = {isa = PBXFileReference; lastKnownFileType = sourcecode.c.h; path = AppDelegate.h; sourceTree = "<group>"; };
		196ED6901E02789B0051DAD6 /* AppDelegate.m */ = {isa = PBXFileReference; lastKnownFileType = sourcecode.c.objc; path = AppDelegate.m; sourceTree = "<group>"; };
		196ED6921E02789B0051DAD6 /* ViewController.h */ = {isa = PBXFileReference; lastKnownFileType = sourcecode.c.h; path = ViewController.h; sourceTree = "<group>"; };
		196ED6931E02789B0051DAD6 /* ViewController.m */ = {isa = PBXFileReference; lastKnownFileType = sourcecode.c.objc; path = ViewController.m; sourceTree = "<group>"; };
		196ED6961E02789B0051DAD6 /* Base */ = {isa = PBXFileReference; lastKnownFileType = file.storyboard; name = Base; path = Base.lproj/Main.storyboard; sourceTree = "<group>"; };
		196ED6981E02789B0051DAD6 /* Assets.xcassets */ = {isa = PBXFileReference; lastKnownFileType = folder.assetcatalog; path = Assets.xcassets; sourceTree = "<group>"; };
		196ED69B1E02789B0051DAD6 /* Base */ = {isa = PBXFileReference; lastKnownFileType = file.storyboard; name = Base; path = Base.lproj/LaunchScreen.storyboard; sourceTree = "<group>"; };
		196ED69D1E02789B0051DAD6 /* Info.plist */ = {isa = PBXFileReference; lastKnownFileType = text.plist.xml; path = Info.plist; sourceTree = "<group>"; };
		196ED6A41E0278EC0051DAD6 /* UITableViewCell+HKRound.h */ = {isa = PBXFileReference; fileEncoding = 4; lastKnownFileType = sourcecode.c.h; path = "UITableViewCell+HKRound.h"; sourceTree = "<group>"; };
		196ED6A51E0278EC0051DAD6 /* UITableViewCell+HKRound.m */ = {isa = PBXFileReference; fileEncoding = 4; lastKnownFileType = sourcecode.c.objc; path = "UITableViewCell+HKRound.m"; sourceTree = "<group>"; };
/* End PBXFileReference section */

/* Begin PBXFrameworksBuildPhase section */
		196ED6861E02789B0051DAD6 /* Frameworks */ = {
			isa = PBXFrameworksBuildPhase;
			buildActionMask = 2147483647;
			files = (
			);
			runOnlyForDeploymentPostprocessing = 0;
		};
/* End PBXFrameworksBuildPhase section */

/* Begin PBXGroup section */
		196ED6801E02789B0051DAD6 = {
			isa = PBXGroup;
			children = (
				196ED68B1E02789B0051DAD6 /* HKRoundCell */,
				196ED68A1E02789B0051DAD6 /* Products */,
			);
			sourceTree = "<group>";
		};
		196ED68A1E02789B0051DAD6 /* Products */ = {
			isa = PBXGroup;
			children = (
				196ED6891E02789B0051DAD6 /* HKRoundCell.app */,
			);
			name = Products;
			sourceTree = "<group>";
		};
		196ED68B1E02789B0051DAD6 /* HKRoundCell */ = {
			isa = PBXGroup;
			children = (
				196ED6A31E0278AE0051DAD6 /* HKRound */,
				196ED68F1E02789B0051DAD6 /* AppDelegate.h */,
				196ED6901E02789B0051DAD6 /* AppDelegate.m */,
				196ED6921E02789B0051DAD6 /* ViewController.h */,
				196ED6931E02789B0051DAD6 /* ViewController.m */,
				196ED6951E02789B0051DAD6 /* Main.storyboard */,
				196ED6981E02789B0051DAD6 /* Assets.xcassets */,
				196ED69A1E02789B0051DAD6 /* LaunchScreen.storyboard */,
				196ED69D1E02789B0051DAD6 /* Info.plist */,
				196ED68C1E02789B0051DAD6 /* Supporting Files */,
			);
			path = HKRoundCell;
			sourceTree = "<group>";
		};
		196ED68C1E02789B0051DAD6 /* Supporting Files */ = {
			isa = PBXGroup;
			children = (
				196ED68D1E02789B0051DAD6 /* main.m */,
			);
			name = "Supporting Files";
			sourceTree = "<group>";
		};
		196ED6A31E0278AE0051DAD6 /* HKRound */ = {
			isa = PBXGroup;
			children = (
				196ED6A41E0278EC0051DAD6 /* UITableViewCell+HKRound.h */,
				196ED6A51E0278EC0051DAD6 /* UITableViewCell+HKRound.m */,
			);
			name = HKRound;
			sourceTree = "<group>";
		};
/* End PBXGroup section */

/* Begin PBXNativeTarget section */
		196ED6881E02789B0051DAD6 /* HKRoundCell */ = {
			isa = PBXNativeTarget;
			buildConfigurationList = 196ED6A01E02789B0051DAD6 /* Build configuration list for PBXNativeTarget "HKRoundCell" */;
			buildPhases = (
				196ED6851E02789B0051DAD6 /* Sources */,
				196ED6861E02789B0051DAD6 /* Frameworks */,
				196ED6871E02789B0051DAD6 /* Resources */,
			);
			buildRules = (
			);
			dependencies = (
			);
			name = HKRoundCell;
			productName = HKRoundCell;
			productReference = 196ED6891E02789B0051DAD6 /* HKRoundCell.app */;
			productType = "com.apple.product-type.application";
		};
/* End PBXNativeTarget section */

/* Begin PBXProject section */
		196ED6811E02789B0051DAD6 /* Project object */ = {
			isa = PBXProject;
			attributes = {
				LastUpgradeCheck = 0810;
				ORGANIZATIONNAME = "黄康";
				TargetAttributes = {
					196ED6881E02789B0051DAD6 = {
						CreatedOnToolsVersion = 8.1;
						ProvisioningStyle = Automatic;
					};
				};
			};
			buildConfigurationList = 196ED6841E02789B0051DAD6 /* Build configuration list for PBXProject "HKRoundCell" */;
			compatibilityVersion = "Xcode 3.2";
			developmentRegion = English;
			hasScannedForEncodings = 0;
			knownRegions = (
				en,
				Base,
			);
			mainGroup = 196ED6801E02789B0051DAD6;
			productRefGroup = 196ED68A1E02789B0051DAD6 /* Products */;
			projectDirPath = "";
			projectRoot = "";
			targets = (
				196ED6881E02789B0051DAD6 /* HKRoundCell */,
			);
		};
/* End PBXProject section */

/* Begin PBXResourcesBuildPhase section */
		196ED6871E02789B0051DAD6 /* Resources */ = {
			isa = PBXResourcesBuildPhase;
			buildActionMask = 2147483647;
			files = (
				196ED69C1E02789B0051DAD6 /* LaunchScreen.storyboard in Resources */,
				196ED6991E02789B0051DAD6 /* Assets.xcassets in Resources */,
				196ED6971E02789B0051DAD6 /* Main.storyboard in Resources */,
			);
			runOnlyForDeploymentPostprocessing = 0;
		};
/* End PBXResourcesBuildPhase section */

/* Begin PBXSourcesBuildPhase section */
		196ED6851E02789B0051DAD6 /* Sources */ = {
			isa = PBXSourcesBuildPhase;
			buildActionMask = 2147483647;
			files = (
				196ED6941E02789B0051DAD6 /* ViewController.m in Sources */,
				196ED6911E02789B0051DAD6 /* AppDelegate.m in Sources */,
				196ED68E1E02789B0051DAD6 /* main.m in Sources */,
				196ED6A61E0278EC0051DAD6 /* UITableViewCell+HKRound.m in Sources */,
			);
			runOnlyForDeploymentPostprocessing = 0;
		};
/* End PBXSourcesBuildPhase section */

/* Begin PBXVariantGroup section */
		196ED6951E02789B0051DAD6 /* Main.storyboard */ = {
			isa = PBXVariantGroup;
			children = (
				196ED6961E02789B0051DAD6 /* Base */,
			);
			name = Main.storyboard;
			sourceTree = "<group>";
		};
		196ED69A1E02789B0051DAD6 /* LaunchScreen.storyboard */ = {
			isa = PBXVariantGroup;
			children = (
				196ED69B1E02789B0051DAD6 /* Base */,
			);
			name = LaunchScreen.storyboard;
			sourceTree = "<group>";
		};
/* End PBXVariantGroup section */

/* Begin XCBuildConfiguration section */
		196ED69E1E02789B0051DAD6 /* Debug */ = {
			isa = XCBuildConfiguration;
			buildSettings = {
				ALWAYS_SEARCH_USER_PATHS = NO;
				CLANG_ANALYZER_NONNULL = YES;
				CLANG_CXX_LANGUAGE_STANDARD = "gnu++0x";
				CLANG_CXX_LIBRARY = "libc++";
				CLANG_ENABLE_MODULES = YES;
				CLANG_ENABLE_OBJC_ARC = YES;
				CLANG_WARN_BOOL_CONVERSION = YES;
				CLANG_WARN_CONSTANT_CONVERSION = YES;
				CLANG_WARN_DIRECT_OBJC_ISA_USAGE = YES_ERROR;
				CLANG_WARN_DOCUMENTATION_COMMENTS = YES;
				CLANG_WARN_EMPTY_BODY = YES;
				CLANG_WARN_ENUM_CONVERSION = YES;
				CLANG_WARN_INFINITE_RECURSION = YES;
				CLANG_WARN_INT_CONVERSION = YES;
				CLANG_WARN_OBJC_ROOT_CLASS = YES_ERROR;
				CLANG_WARN_SUSPICIOUS_MOVES = YES;
				CLANG_WARN_UNREACHABLE_CODE = YES;
				CLANG_WARN__DUPLICATE_METHOD_MATCH = YES;
				"CODE_SIGN_IDENTITY[sdk=iphoneos*]" = "iPhone Developer";
				COPY_PHASE_STRIP = NO;
				DEBUG_INFORMATION_FORMAT = dwarf;
				ENABLE_STRICT_OBJC_MSGSEND = YES;
				ENABLE_TESTABILITY = YES;
				GCC_C_LANGUAGE_STANDARD = gnu99;
				GCC_DYNAMIC_NO_PIC = NO;
				GCC_NO_COMMON_BLOCKS = YES;
				GCC_OPTIMIZATION_LEVEL = 0;
				GCC_PREPROCESSOR_DEFINITIONS = (
					"DEBUG=1",
					"$(inherited)",
				);
				GCC_WARN_64_TO_32_BIT_CONVERSION = YES;
				GCC_WARN_ABOUT_RETURN_TYPE = YES_ERROR;
				GCC_WARN_UNDECLARED_SELECTOR = YES;
				GCC_WARN_UNINITIALIZED_AUTOS = YES_AGGRESSIVE;
				GCC_WARN_UNUSED_FUNCTION = YES;
				GCC_WARN_UNUSED_VARIABLE = YES;
				IPHONEOS_DEPLOYMENT_TARGET = 10.1;
				MTL_ENABLE_DEBUG_INFO = YES;
				ONLY_ACTIVE_ARCH = YES;
				SDKROOT = iphoneos;
				TARGETED_DEVICE_FAMILY = "1,2";
			};
			name = Debug;
		};
		196ED69F1E02789B0051DAD6 /* Release */ = {
			isa = XCBuildConfiguration;
			buildSettings = {
				ALWAYS_SEARCH_USER_PATHS = NO;
				CLANG_ANALYZER_NONNULL = YES;
				CLANG_CXX_LANGUAGE_STANDARD = "gnu++0x";
				CLANG_CXX_LIBRARY = "libc++";
				CLANG_ENABLE_MODULES = YES;
				CLANG_ENABLE_OBJC_ARC = YES;
				CLANG_WARN_BOOL_CONVERSION = YES;
				CLANG_WARN_CONSTANT_CONVERSION = YES;
				CLANG_WARN_DIRECT_OBJC_ISA_USAGE = YES_ERROR;
				CLANG_WARN_DOCUMENTATION_COMMENTS = YES;
				CLANG_WARN_EMPTY_BODY = YES;
				CLANG_WARN_ENUM_CONVERSION = YES;
				CLANG_WARN_INFINITE_RECURSION = YES;
				CLANG_WARN_INT_CONVERSION = YES;
				CLANG_WARN_OBJC_ROOT_CLASS = YES_ERROR;
				CLANG_WARN_SUSPICIOUS_MOVES = YES;
				CLANG_WARN_UNREACHABLE_CODE = YES;
				CLANG_WARN__DUPLICATE_METHOD_MATCH = YES;
				"CODE_SIGN_IDENTITY[sdk=iphoneos*]" = "iPhone Developer";
				COPY_PHASE_STRIP = NO;
				DEBUG_INFORMATION_FORMAT = "dwarf-with-dsym";
				ENABLE_NS_ASSERTIONS = NO;
				ENABLE_STRICT_OBJC_MSGSEND = YES;
				GCC_C_LANGUAGE_STANDARD = gnu99;
				GCC_NO_COMMON_BLOCKS = YES;
				GCC_WARN_64_TO_32_BIT_CONVERSION = YES;
				GCC_WARN_ABOUT_RETURN_TYPE = YES_ERROR;
				GCC_WARN_UNDECLARED_SELECTOR = YES;
				GCC_WARN_UNINITIALIZED_AUTOS = YES_AGGRESSIVE;
				GCC_WARN_UNUSED_FUNCTION = YES;
				GCC_WARN_UNUSED_VARIABLE = YES;
				IPHONEOS_DEPLOYMENT_TARGET = 10.1;
				MTL_ENABLE_DEBUG_INFO = NO;
				SDKROOT = iphoneos;
				TARGETED_DEVICE_FAMILY = "1,2";
				VALIDATE_PRODUCT = YES;
			};
			name = Release;
		};
		196ED6A11E02789B0051DAD6 /* Debug */ = {
			isa = XCBuildConfiguration;
			buildSettings = {
				ASSETCATALOG_COMPILER_APPICON_NAME = AppIcon;
				INFOPLIST_FILE = HKRoundCell/Info.plist;
				LD_RUNPATH_SEARCH_PATHS = "$(inherited) @executable_path/Frameworks";
				PRODUCT_BUNDLE_IDENTIFIER = com.hk.HKRoundCell;
				PRODUCT_NAME = "$(TARGET_NAME)";
			};
			name = Debug;
		};
		196ED6A21E02789B0051DAD6 /* Release */ = {
			isa = XCBuildConfiguration;
			buildSettings = {
				ASSETCATALOG_COMPILER_APPICON_NAME = AppIcon;
				INFOPLIST_FILE = HKRoundCell/Info.plist;
				LD_RUNPATH_SEARCH_PATHS = "$(inherited) @executable_path/Frameworks";
				PRODUCT_BUNDLE_IDENTIFIER = com.hk.HKRoundCell;
				PRODUCT_NAME = "$(TARGET_NAME)";
			};
			name = Release;
		};
/* End XCBuildConfiguration section */

/* Begin XCConfigurationList section */
		196ED6841E02789B0051DAD6 /* Build configuration list for PBXProject "HKRoundCell" */ = {
			isa = XCConfigurationList;
			buildConfigurations = (
				196ED69E1E02789B0051DAD6 /* Debug */,
				196ED69F1E02789B0051DAD6 /* Release */,
			);
			defaultConfigurationIsVisible = 0;
			defaultConfigurationName = Release;
		};
		196ED6A01E02789B0051DAD6 /* Build configuration list for PBXNativeTarget "HKRoundCell" */ = {
			isa = XCConfigurationList;
			buildConfigurations = (
				196ED6A11E02789B0051DAD6 /* Debug */,
				196ED6A21E02789B0051DAD6 /* Release */,
			);
			defaultConfigurationIsVisible = 0;
		};
/* End XCConfigurationList section */
	};
	rootObject = 196ED6811E02789B0051DAD6 /* Project object */;
}
